
Microsoft Visual Studio Solution File, Format Version 12.00
# Visual Studio Version 16
VisualStudioVersion = 16.0.29009.5
MinimumVisualStudioVersion = 10.0.40219.1
Project("{FAE04EC0-301F-11D3-BF4B-00C04F79EFBC}") = "ArchiveApi", "ArchiveApi\ArchiveApi.csproj", "{A6934466-5403-4AF8-B20E-119836CFFE05}"
EndProject
Project("{2150E333-8FDC-42A3-9474-1A3956D46DE8}") = "Solution Items", "Solution Items", "{42CFF1CC-BD0A-4FB3-9988-8D7DC92E7D88}"
	ProjectSection(SolutionItems) = preProject
		appveyor.yml = appveyor.yml
		Design.md = Design.md
		LICENSE.md = LICENSE.md
		Readme.md = Readme.md
	EndProjectSection
EndProject
Project("{FAE04EC0-301F-11D3-BF4B-00C04F79EFBC}") = "ArchiveApiTest", "ArchiveApiTest\ArchiveApiTest.csproj", "{7ECFE24F-67DD-42B5-A08C-7DB8425BDBC0}"
	ProjectSection(ProjectDependencies) = postProject
		{A6934466-5403-4AF8-B20E-119836CFFE05} = {A6934466-5403-4AF8-B20E-119836CFFE05}
	EndProjectSection
EndProject
Project("{9A19103F-16F7-4668-BE54-9A1E7A4F7556}") = "Mnemosyne2NetCore", "Mnemosyne2NetCore\Mnemosyne2NetCore.csproj", "{9410CB91-19A4-4AF3-AC43-1886CF68256B}"
	ProjectSection(ProjectDependencies) = postProject
		{0DA9B267-0BEE-4848-8835-63B5EE6DFFC3} = {0DA9B267-0BEE-4848-8835-63B5EE6DFFC3}
	EndProjectSection
EndProject
Project("{FAE04EC0-301F-11D3-BF4B-00C04F79EFBC}") = "ArchiveApiNetCore", "ArchiveApiNetCore\ArchiveApiNetCore.csproj", "{0DA9B267-0BEE-4848-8835-63B5EE6DFFC3}"
EndProject
Global
	GlobalSection(SolutionConfigurationPlatforms) = preSolution
		Debug|Any CPU = Debug|Any CPU
		Release|Any CPU = Release|Any CPU
	EndGlobalSection
	GlobalSection(ProjectConfigurationPlatforms) = postSolution
		{A6934466-5403-4AF8-B20E-119836CFFE05}.Debug|Any CPU.ActiveCfg = Debug|Any CPU
		{A6934466-5403-4AF8-B20E-119836CFFE05}.Debug|Any CPU.Build.0 = Debug|Any CPU
		{A6934466-5403-4AF8-B20E-119836CFFE05}.Release|Any CPU.ActiveCfg = Release|Any CPU
		{A6934466-5403-4AF8-B20E-119836CFFE05}.Release|Any CPU.Build.0 = Release|Any CPU
		{7ECFE24F-67DD-42B5-A08C-7DB8425BDBC0}.Debug|Any CPU.ActiveCfg = Debug|Any CPU
		{7ECFE24F-67DD-42B5-A08C-7DB8425BDBC0}.Debug|Any CPU.Build.0 = Debug|Any CPU
		{7ECFE24F-67DD-42B5-A08C-7DB8425BDBC0}.Release|Any CPU.ActiveCfg = Release|Any CPU
		{7ECFE24F-67DD-42B5-A08C-7DB8425BDBC0}.Release|Any CPU.Build.0 = Release|Any CPU
		{9410CB91-19A4-4AF3-AC43-1886CF68256B}.Debug|Any CPU.ActiveCfg = Debug|Any CPU
		{9410CB91-19A4-4AF3-AC43-1886CF68256B}.Debug|Any CPU.Build.0 = Debug|Any CPU
		{9410CB91-19A4-4AF3-AC43-1886CF68256B}.Release|Any CPU.ActiveCfg = Release|Any CPU
		{9410CB91-19A4-4AF3-AC43-1886CF68256B}.Release|Any CPU.Build.0 = Release|Any CPU
		{0DA9B267-0BEE-4848-8835-63B5EE6DFFC3}.Debug|Any CPU.ActiveCfg = Debug|Any CPU
		{0DA9B267-0BEE-4848-8835-63B5EE6DFFC3}.Debug|Any CPU.Build.0 = Debug|Any CPU
		{0DA9B267-0BEE-4848-8835-63B5EE6DFFC3}.Release|Any CPU.ActiveCfg = Release|Any CPU
		{0DA9B267-0BEE-4848-8835-63B5EE6DFFC3}.Release|Any CPU.Build.0 = Release|Any CPU
	EndGlobalSection
	GlobalSection(SolutionProperties) = preSolution
		HideSolutionNode = FALSE
	EndGlobalSection
	GlobalSection(ExtensibilityGlobals) = postSolution
		SolutionGuid = {82242F54-D2D3-4A31-8AF3-D8F74DC4B159}
	EndGlobalSection
EndGlobal
